<?xml version="1.0" encoding="utf-8"?>
<Project ToolsVersion="4.0" xmlns="http://schemas.microsoft.com/developer/msbuild/2003">
  <ItemGroup>
    <Filter Include="Zdrojové soubory">
      <UniqueIdentifier>{4FC737F1-C7A5-4376-A066-2A32D752A2FF}</UniqueIdentifier>
      <Extensions>cpp;c;cc;cxx;c++;cppm;ixx;def;odl;idl;hpj;bat;asm;asmx</Extensions>
    </Filter>
    <Filter Include="Hlavičkové soubory">
      <UniqueIdentifier>{93995380-89BD-4b04-88EB-625FBE52EBFB}</UniqueIdentifier>
      <Extensions>h;hh;hpp;hxx;h++;hm;inl;inc;ipp;xsd</Extensions>
    </Filter>
    <Filter Include="Soubory zdrojů">
      <UniqueIdentifier>{67DA6AB6-F800-4c08-8B7A-83BB121AAD01}</UniqueIdentifier>
      <Extensions>rc;ico;cur;bmp;dlg;rc2;rct;bin;rgs;gif;jpg;jpeg;jpe;resx;tiff;tif;png;wav;mfcribbon-ms</Extensions>
    </Filter>
    <Filter Include="Zdrojové soubory\src">
      <UniqueIdentifier>{ce6b7575-3c45-4c52-a0f5-e61fc38d7aa9}</UniqueIdentifier>
    </Filter>
    <Filter Include="Zdrojové soubory\src\math">
      <UniqueIdentifier>{dd86ad2b-db07-4c4b-840f-298a7643db1f}</UniqueIdentifier>
    </Filter>
    <Filter Include="Zdrojové soubory\src\geometry">
      <UniqueIdentifier>{573337a4-cba0-41f1-a24a-61ac22565687}</UniqueIdentifier>
    </Filter>
    <Filter Include="Zdrojové soubory\src\core">
      <UniqueIdentifier>{cca8351d-4c37-45d2-9f50-6dbd35e30080}</UniqueIdentifier>
    </Filter>
  </ItemGroup>
  <ItemGroup>
    <ClCompile Include="src/geometry/AABB.cpp">
      <Filter>Zdrojové soubory\src\geometry</Filter>
    </ClCompile>
    <ClCompile Include="src\core\main.cpp">
      <Filter>Zdrojové soubory\src\core</Filter>
    </ClCompile>
    <ClCompile Include="src/geometry/Material.cpp">
      <Filter>Zdrojové soubory\src\geometry</Filter>
    </ClCompile>
    <ClCompile Include="src/geometry/Mesh.cpp">
      <Filter>Zdrojové soubory\src\geometry</Filter>
    </ClCompile>
    <ClCompile Include="src/math/Mtx4.cpp">
      <Filter>Zdrojové soubory\src\math</Filter>
    </ClCompile>
    <ClCompile Include="src/math/Vec4.cpp">
      <Filter>Zdrojové soubory\src\math</Filter>
    </ClCompile>
    <ClCompile Include="src/geometry/Triangle.cpp">
      <Filter>Zdrojové soubory\src\geometry</Filter>
    </ClCompile>
    <ClCompile Include="src/geometry/Vertex.cpp">
      <Filter>Zdrojové soubory\src\geometry</Filter>
    </ClCompile>
    <ClCompile Include="src/core/App.cpp">
      <Filter>Zdrojové soubory\src\core</Filter>
    </ClCompile>
  </ItemGroup>
  <ItemGroup>
    <ClInclude Include="src/geometry/AABB.h">
      <Filter>Hlavičkové soubory</Filter>
    </ClInclude>
    <ClInclude Include="src/geometry/Mesh.h">
      <Filter>Hlavičkové soubory</Filter>
    </ClInclude>
    <ClInclude Include="src/math/Mtx4.h">
      <Filter>Hlavičkové soubory</Filter>
    </ClInclude>
    <ClInclude Include="src/geometry/Triangle.h">
      <Filter>Hlavičkové soubory</Filter>
    </ClInclude>
    <ClInclude Include="src/math/Vec4.h">
      <Filter>Hlavičkové soubory</Filter>
    </ClInclude>
    <ClInclude Include="src/geometry/Vertex.h">
      <Filter>Hlavičkové soubory</Filter>
    </ClInclude>
    <ClInclude Include="src\geometry\Material.h">
      <Filter>Hlavičkové soubory</Filter>
    </ClInclude>
    <ClInclude Include="src/core/App.h">
      <Filter>Hlavičkové soubory</Filter>
    </ClInclude>
  </ItemGroup>
</Project>