<?xml version="1.0" encoding="utf-8"?>
<Project ToolsVersion="4.0" xmlns="http://schemas.microsoft.com/developer/msbuild/2003">
  <ItemGroup>
    <Filter Include="Zdrojové soubory">
      <UniqueIdentifier>{4FC737F1-C7A5-4376-A066-2A32D752A2FF}</UniqueIdentifier>
      <Extensions>cpp;c;cc;cxx;c++;cppm;ixx;def;odl;idl;hpj;bat;asm;asmx</Extensions>
    </Filter>
    <Filter Include="Hlavičkové soubory">
      <UniqueIdentifier>{93995380-89BD-4b04-88EB-625FBE52EBFB}</UniqueIdentifier>
      <Extensions>h;hh;hpp;hxx;h++;hm;inl;inc;ipp;xsd</Extensions>
    </Filter>
    <Filter Include="Soubory zdrojů">
      <UniqueIdentifier>{67DA6AB6-F800-4c08-8B7A-83BB121AAD01}</UniqueIdentifier>
      <Extensions>rc;ico;cur;bmp;dlg;rc2;rct;bin;rgs;gif;jpg;jpeg;jpe;resx;tiff;tif;png;wav;mfcribbon-ms</Extensions>
    </Filter>
    <Filter Include="Zdrojové soubory\App">
      <UniqueIdentifier>{8e55b123-41a8-4cb5-bd27-3e6f51394348}</UniqueIdentifier>
    </Filter>
    <Filter Include="Zdrojové soubory\Engine">
      <UniqueIdentifier>{b58e1950-b07a-4122-ae1f-eb139823ba2a}</UniqueIdentifier>
    </Filter>
    <Filter Include="Zdrojové soubory\Engine\Render">
      <UniqueIdentifier>{5cd135dc-eae7-41f3-82e5-1f66578acbfa}</UniqueIdentifier>
    </Filter>
    <Filter Include="Zdrojové soubory\Engine\Render\Backend">
      <UniqueIdentifier>{3a3a7ac0-e3e5-413c-a727-eabfdcc12c21}</UniqueIdentifier>
    </Filter>
    <Filter Include="Zdrojové soubory\Engine\Render\Backend\Common">
      <UniqueIdentifier>{688e93fb-1fc6-41bb-8146-45ff2d2aa8a7}</UniqueIdentifier>
    </Filter>
    <Filter Include="Zdrojové soubory\Engine\Render\Backend\DIB">
      <UniqueIdentifier>{aa4858c9-d7e0-4cdc-a58d-004bdd18c447}</UniqueIdentifier>
    </Filter>
    <Filter Include="Zdrojové soubory\Math">
      <UniqueIdentifier>{91c02d10-9d17-4d20-80e5-d379e6f57f48}</UniqueIdentifier>
    </Filter>
    <Filter Include="Zdrojové soubory\Platform">
      <UniqueIdentifier>{ea257f09-9271-4e9c-843f-e3728f1e1ed8}</UniqueIdentifier>
    </Filter>
    <Filter Include="Zdrojové soubory\Platform\Win32">
      <UniqueIdentifier>{34cab826-0aff-456e-b9fa-277bef7c4bea}</UniqueIdentifier>
    </Filter>
    <Filter Include="Zdrojové soubory\Engine\Core">
      <UniqueIdentifier>{67da9090-1f82-4fe8-be2b-20e80e409f88}</UniqueIdentifier>
    </Filter>
    <Filter Include="Zdrojové soubory\Engine\Core\Datastruct">
      <UniqueIdentifier>{d5aded0e-7e65-428c-a8fd-d80979ee300c}</UniqueIdentifier>
    </Filter>
    <Filter Include="Zdrojové soubory\Engine\Core\Input">
      <UniqueIdentifier>{e2aec2fc-34ee-4ff9-a612-9223f6af98a9}</UniqueIdentifier>
    </Filter>
    <Filter Include="Zdrojové soubory\Engine\Geometry">
      <UniqueIdentifier>{c91b9ffa-7ea2-4392-bc47-0083ea158a51}</UniqueIdentifier>
    </Filter>
    <Filter Include="Zdrojové soubory\Engine\Assets">
      <UniqueIdentifier>{7f3d2a91-4c58-4b6e-9a15-3de8c02b61f4}</UniqueIdentifier>
    </Filter>
    <Filter Include="Zdrojové soubory\Engine\Physics">
      <UniqueIdentifier>{a2e63ca8-8a0d-4c64-831d-acbdf8eb72ff}</UniqueIdentifier>
    </Filter>
    <Filter Include="Zdrojové soubory\Engine\Physics\Bicycle">
      <UniqueIdentifier>{40bca156-2afa-46f7-ac10-e229de7c0ab5}</UniqueIdentifier>
    </Filter>
  </ItemGroup>
  <ItemGroup>
    <ClCompile Include="src\main.cpp">
      <Filter>Zdrojové soubory\App</Filter>
    </ClCompile>
    <ClCompile Include="src\Platform\Win32\WindowWin32.cpp">
      <Filter>Zdrojové soubory\Platform\Win32</Filter>
    </ClCompile>
    <ClCompile Include="src\Math\Mtx4.cpp">
      <Filter>Zdrojové soubory\Math</Filter>
    </ClCompile>
    <ClCompile Include="src\Math\Vec4.cpp">
      <Filter>Zdrojové soubory\Math</Filter>
    </ClCompile>
    <ClCompile Include="src\Engine\Geometry\Mesh.cpp">
      <Filter>Zdrojové soubory\Engine\Geometry</Filter>
    </ClCompile>
    <ClCompile Include="src\Engine\Geometry\MeshFactory.cpp">
      <Filter>Zdrojové soubory\Engine\Geometry</Filter>
    </ClCompile>
    <ClCompile Include="src\Engine\Assets\ObjLoader.cpp">
      <Filter>Zdrojové soubory\Engine\Assets</Filter>
    </ClCompile>
  </ItemGroup>
  <ItemGroup>
    <ClInclude Include="src\App\App.h">
      <Filter>Zdrojové soubory\App</Filter>
    </ClInclude>
    <ClInclude Include="src\Platform\Win32\WindowWin32.h">
      <Filter>Zdrojové soubory\Platform\Win32</Filter>
    </ClInclude>
    <ClInclude Include="src\Engine\Render\Renderer.h">
      <Filter>Zdrojové soubory\Engine\Render</Filter>
    </ClInclude>
    <ClInclude Include="src\Math\Mtx4.h">
      <Filter>Zdrojové soubory\Math</Filter>
    </ClInclude>
    <ClInclude Include="src\Math\Vec4.h">
      <Filter>Zdrojové soubory\Math</Filter>
    </ClInclude>
    <ClInclude Include="src\Engine\Render\RenderTargetDescriptor.h">
      <Filter>Zdrojové soubory\Engine\Render</Filter>
    </ClInclude>
    <ClInclude Include="src\Engine\Render\TextureFormat.h">
      <Filter>Zdrojové soubory\Engine\Render</Filter>
    </ClInclude>
    <ClInclude Include="src\Engine\Render\TextureUsage.h">
      <Filter>Zdrojové soubory\Engine\Render</Filter>
    </ClInclude>
    <ClInclude Include="src\Engine\Render\Viewport.h">
      <Filter>Zdrojové soubory\Engine\Render</Filter>
    </ClInclude>
    <ClInclude Include="src\Engine\Render\Color.h">
      <Filter>Zdrojové soubory\Engine\Render</Filter>
    </ClInclude>
    <ClInclude Include="src\Engine\Render\DrawCommand.h">
      <Filter>Zdrojové soubory\Engine\Render</Filter>
    </ClInclude>
    <ClInclude Include="src\Engine\Render\Backend\Common\DeviceContext.h">
      <Filter>Zdrojové soubory\Engine\Render\Backend\Common</Filter>
    </ClInclude>
    <ClInclude Include="src\Engine\Render\Backend\Common\DeviceTargetBase.h">
      <Filter>Zdrojové soubory\Engine\Render\Backend\Common</Filter>
    </ClInclude>
    <ClInclude Include="src\Engine\Render\Backend\Common\DeviceBase.h">
      <Filter>Zdrojové soubory\Engine\Render\Backend\Common</Filter>
    </ClInclude>
    <ClInclude Include="src\Engine\Render\Backend\DIB\DeviceTargetDIB.h">
      <Filter>Zdrojové soubory\Engine\Render\Backend\DIB</Filter>
    </ClInclude>
    <ClInclude Include="src\Engine\Render\Backend\DIB\RasterizerDIB.h">
      <Filter>Zdrojové soubory\Engine\Render\Backend\DIB</Filter>
    </ClInclude>
    <ClInclude Include="src\Engine\Render\Backend\DIB\DeviceDIB.h">
      <Filter>Zdrojové soubory\Engine\Render\Backend\DIB</Filter>
    </ClInclude>
    <ClInclude Include="src\Engine\Geometry\Mesh.h">
      <Filter>Zdrojové soubory\Engine\Geometry</Filter>
    </ClInclude>
    <ClInclude Include="src\Engine\Geometry\MeshInstance.h">
      <Filter>Zdrojové soubory\Engine\Geometry</Filter>
    </ClInclude>
    <ClInclude Include="src\Engine\Assets\ResourceHandles.h">
      <Filter>Zdrojové soubory\Engine\Assets</Filter>
    </ClInclude>
    <ClInclude Include="src\Platform\Win32\Win32DC.h">
      <Filter>Zdrojové soubory\Platform\Win32</Filter>
    </ClInclude>
    <ClInclude Include="src\Engine\Core\Datastruct\StableRegistry.h">
      <Filter>Hlavičkové soubory</Filter>
    </ClInclude>
    <ClInclude Include="src\Engine\Geometry\Camera.h">
      <Filter>Hlavičkové soubory</Filter>
    </ClInclude>
    <ClInclude Include="src\Engine\Assets\ResourceManager.h">
      <Filter>Zdrojové soubory\Engine\Assets</Filter>
    </ClInclude>
    <ClInclude Include="src\Engine\Core\RunState.h">
      <Filter>Zdrojové soubory\Engine\Core</Filter>
    </ClInclude>
    <ClInclude Include="src\Engine\Core\TimeManager.h">
      <Filter>Zdrojové soubory\Engine\Core</Filter>
    </ClInclude>
    <ClInclude Include="src\App\Scene.h">
      <Filter>Zdrojové soubory\App</Filter>
    </ClInclude>
    <ClInclude Include="src\App\Car.h">
      <Filter>Zdrojové soubory\App</Filter>
    </ClInclude>
    <ClInclude Include="src\Engine\Core\Input\Input.h">
      <Filter>Zdrojové soubory\Engine\Core\Input</Filter>
    </ClInclude>
    <ClInclude Include="src\Engine\Core\Datastruct\AtomicMailbox.h">
      <Filter>Zdrojové soubory\Engine\Core\Datastruct</Filter>
    </ClInclude>
    <ClInclude Include="src\Engine\Core\Datastruct\ZeroAllocTripleBuffer.h">
      <Filter>Zdrojové soubory\Engine\Core\Datastruct</Filter>
    </ClInclude>
    <ClInclude Include="src\Engine\Core\Datastruct\ZeroAllocStateHistory.h">
      <Filter>Zdrojové soubory\Engine\Core\Datastruct</Filter>
    </ClInclude>
    <ClInclude Include="src\Math\Mathematics.h">
      <Filter>Zdrojové soubory\Math</Filter>
    </ClInclude>
    <ClInclude Include="src\Math\Quaternion.h">
      <Filter>Zdrojové soubory\Math</Filter>
    </ClInclude>
    <ClInclude Include="src\Engine\Physics\Bicycle\BicycleModel.h">
      <Filter>Zdrojové soubory\Engine\Physics\Bicycle</Filter>
    </ClInclude>
    <ClInclude Include="src\Engine\Physics\Bicycle\BicycleParams.h">
      <Filter>Zdrojové soubory\Engine\Physics\Bicycle</Filter>
    </ClInclude>
    <ClInclude Include="src\Engine\Geometry\MeshFactory.h">
      <Filter>Zdrojové soubory\Engine\Geometry</Filter>
    </ClInclude>
    <ClInclude Include="src\Engine\Geometry\MeshModifier.h">
      <Filter>Zdrojové soubory\Engine\Geometry</Filter>
    </ClInclude>
    <ClInclude Include="src\Engine\Assets\IModelLoader.h">
      <Filter>Zdrojové soubory\Engine\Assets</Filter>
    </ClInclude>
    <ClInclude Include="src\Engine\Assets\ModelImporter.h">
      <Filter>Zdrojové soubory\Engine\Assets</Filter>
    </ClInclude>
    <ClInclude Include="src\Engine\Assets\ObjLoader.h">
      <Filter>Zdrojové soubory\Engine\Assets</Filter>
    </ClInclude>
  </ItemGroup>
</Project>