<?xml version="1.0" encoding="utf-8"?>
<Project ToolsVersion="4.0" xmlns="http://schemas.microsoft.com/developer/msbuild/2003">
  <ItemGroup>
    <Filter Include="Zdrojové soubory">
      <UniqueIdentifier>{4FC737F1-C7A5-4376-A066-2A32D752A2FF}</UniqueIdentifier>
      <Extensions>cpp;c;cc;cxx;c++;cppm;ixx;def;odl;idl;hpj;bat;asm;asmx</Extensions>
    </Filter>
    <Filter Include="Hlavičkové soubory">
      <UniqueIdentifier>{93995380-89BD-4b04-88EB-625FBE52EBFB}</UniqueIdentifier>
      <Extensions>h;hh;hpp;hxx;h++;hm;inl;inc;ipp;xsd</Extensions>
    </Filter>
    <Filter Include="Soubory zdrojů">
      <UniqueIdentifier>{67DA6AB6-F800-4c08-8B7A-83BB121AAD01}</UniqueIdentifier>
      <Extensions>rc;ico;cur;bmp;dlg;rc2;rct;bin;rgs;gif;jpg;jpeg;jpe;resx;tiff;tif;png;wav;mfcribbon-ms</Extensions>
    </Filter>
    <Filter Include="Zdrojové soubory\App">
      <UniqueIdentifier>{8e55b123-41a8-4cb5-bd27-3e6f51394348}</UniqueIdentifier>
    </Filter>
    <Filter Include="Zdrojové soubory\Engine">
      <UniqueIdentifier>{b58e1950-b07a-4122-ae1f-eb139823ba2a}</UniqueIdentifier>
    </Filter>
    <Filter Include="Zdrojové soubory\Engine\Renderer">
      <UniqueIdentifier>{5cd135dc-eae7-41f3-82e5-1f66578acbfa}</UniqueIdentifier>
    </Filter>
    <Filter Include="Zdrojové soubory\Engine\Renderer\Backend">
      <UniqueIdentifier>{3a3a7ac0-e3e5-413c-a727-eabfdcc12c21}</UniqueIdentifier>
    </Filter>
    <Filter Include="Zdrojové soubory\Engine\Renderer\Backend\Common">
      <UniqueIdentifier>{688e93fb-1fc6-41bb-8146-45ff2d2aa8a7}</UniqueIdentifier>
    </Filter>
    <Filter Include="Zdrojové soubory\Engine\Renderer\Backend\DIB">
      <UniqueIdentifier>{aa4858c9-d7e0-4cdc-a58d-004bdd18c447}</UniqueIdentifier>
    </Filter>
    <Filter Include="Zdrojové soubory\Math">
      <UniqueIdentifier>{91c02d10-9d17-4d20-80e5-d379e6f57f48}</UniqueIdentifier>
    </Filter>
    <Filter Include="Zdrojové soubory\Utility">
      <UniqueIdentifier>{22195589-8e3b-4159-954d-ca023d178cdc}</UniqueIdentifier>
    </Filter>
    <Filter Include="Zdrojové soubory\Platform">
      <UniqueIdentifier>{ea257f09-9271-4e9c-843f-e3728f1e1ed8}</UniqueIdentifier>
    </Filter>
    <Filter Include="Zdrojové soubory\Platform\Win32">
      <UniqueIdentifier>{34cab826-0aff-456e-b9fa-277bef7c4bea}</UniqueIdentifier>
    </Filter>
    <Filter Include="Zdrojové soubory\Engine\Core">
      <UniqueIdentifier>{67da9090-1f82-4fe8-be2b-20e80e409f88}</UniqueIdentifier>
    </Filter>
    <Filter Include="Zdrojové soubory\Engine\Core\Datastruct">
      <UniqueIdentifier>{d5aded0e-7e65-428c-a8fd-d80979ee300c}</UniqueIdentifier>
    </Filter>
    <Filter Include="Zdrojové soubory\Engine\Renderer\Backend\RenderCommand">
      <UniqueIdentifier>{d8e23d7f-6695-45cd-9985-958690db0b97}</UniqueIdentifier>
    </Filter>
    <Filter Include="Zdrojové soubory\Engine\Core\Input">
      <UniqueIdentifier>{e2aec2fc-34ee-4ff9-a612-9223f6af98a9}</UniqueIdentifier>
    </Filter>
  </ItemGroup>
  <ItemGroup>
    <ClCompile Include="src\main.cpp">
      <Filter>Zdrojové soubory\App</Filter>
    </ClCompile>
    <ClCompile Include="src\Platform\Win32\WindowWin32.cpp">
      <Filter>Zdrojové soubory\Platform\Win32</Filter>
    </ClCompile>
    <ClCompile Include="src\Math\Mtx4.cpp">
      <Filter>Zdrojové soubory\Math</Filter>
    </ClCompile>
    <ClCompile Include="src\Math\Vec4.cpp">
      <Filter>Zdrojové soubory\Math</Filter>
    </ClCompile>
    <ClCompile Include="src\Engine\Renderer\Backend\DIB\RenderDeviceDIB.cpp">
      <Filter>Zdrojové soubory\Engine\Renderer\Backend\DIB</Filter>
    </ClCompile>
  </ItemGroup>
  <ItemGroup>
    <ClInclude Include="src\App\App.h">
      <Filter>Zdrojové soubory\App</Filter>
    </ClInclude>
    <ClInclude Include="src\Platform\Win32\WindowWin32.h">
      <Filter>Zdrojové soubory\Platform\Win32</Filter>
    </ClInclude>
    <ClInclude Include="src\Engine\Renderer\Renderer.h">
      <Filter>Zdrojové soubory\Engine\Renderer</Filter>
    </ClInclude>
    <ClInclude Include="src\Engine\Renderer\Backend\Common\IRenderContext.h">
      <Filter>Zdrojové soubory\Engine\Renderer\Backend\Common</Filter>
    </ClInclude>
    <ClInclude Include="src\Engine\Renderer\Backend\Common\IRenderDevice.h">
      <Filter>Zdrojové soubory\Engine\Renderer\Backend\Common</Filter>
    </ClInclude>
    <ClInclude Include="src\Engine\Renderer\Backend\Common\IRenderTarget.h">
      <Filter>Zdrojové soubory\Engine\Renderer\Backend\Common</Filter>
    </ClInclude>
    <ClInclude Include="src\Engine\Renderer\Backend\DIB\RenderContextDIB.h">
      <Filter>Zdrojové soubory\Engine\Renderer\Backend\DIB</Filter>
    </ClInclude>
    <ClInclude Include="src\Engine\Renderer\Backend\DIB\RenderDeviceDIB.h">
      <Filter>Zdrojové soubory\Engine\Renderer\Backend\DIB</Filter>
    </ClInclude>
    <ClInclude Include="src\Engine\Renderer\Backend\DIB\RenderTargetDIB.h">
      <Filter>Zdrojové soubory\Engine\Renderer\Backend\DIB</Filter>
    </ClInclude>
    <ClInclude Include="src\Math\Mtx4.h">
      <Filter>Zdrojové soubory\Math</Filter>
    </ClInclude>
    <ClInclude Include="src\Math\Vec4.h">
      <Filter>Zdrojové soubory\Math</Filter>
    </ClInclude>
    <ClInclude Include="src\Engine\Renderer\RenderTargetDescriptor.h">
      <Filter>Zdrojové soubory\Engine\Renderer</Filter>
    </ClInclude>
    <ClInclude Include="src\Engine\Renderer\TextureFormat.h">
      <Filter>Zdrojové soubory\Engine\Renderer</Filter>
    </ClInclude>
    <ClInclude Include="src\Engine\Renderer\TextureUsage.h">
      <Filter>Zdrojové soubory\Engine\Renderer</Filter>
    </ClInclude>
    <ClInclude Include="src\Engine\Renderer\DeviceTargetHandle.h">
      <Filter>Zdrojové soubory\Engine\Renderer</Filter>
    </ClInclude>
    <ClInclude Include="src\Engine\Renderer\RenderState.h">
      <Filter>Zdrojové soubory\Engine\Renderer</Filter>
    </ClInclude>
    <ClInclude Include="src\Engine\Renderer\Viewport.h">
      <Filter>Zdrojové soubory\Engine\Renderer</Filter>
    </ClInclude>
    <ClInclude Include="src\Engine\Renderer\Color.h">
      <Filter>Zdrojové soubory\Engine\Renderer</Filter>
    </ClInclude>
    <ClInclude Include="src\Engine\Renderer\Backend\RenderCommand\RenderCommand.h">
      <Filter>Zdrojové soubory\Engine\Renderer\Backend\RenderCommand</Filter>
    </ClInclude>
    <ClInclude Include="src\Engine\Renderer\Backend\RenderCommand\RenderCommandData.h">
      <Filter>Zdrojové soubory\Engine\Renderer\Backend\RenderCommand</Filter>
    </ClInclude>
    <ClInclude Include="src\Engine\Renderer\Backend\RenderCommand\RenderCommandList.h">
      <Filter>Zdrojové soubory\Engine\Renderer\Backend\RenderCommand</Filter>
    </ClInclude>
    <ClInclude Include="src\Engine\Renderer\Backend\RenderCommand\RenderCommandType.h">
      <Filter>Zdrojové soubory\Engine\Renderer\Backend\RenderCommand</Filter>
    </ClInclude>
    <ClInclude Include="src\Engine\Renderer\Backend\RenderCommand\RCMD_SetViewport.h">
      <Filter>Hlavičkové soubory</Filter>
    </ClInclude>
    <ClInclude Include="src\Engine\Renderer\Backend\RenderCommand\RenderCommandStructs.h">
      <Filter>Zdrojové soubory\Engine\Renderer\Backend\RenderCommand</Filter>
    </ClInclude>
    <ClInclude Include="src\Engine\Core\handles.h">
      <Filter>Zdrojové soubory\Engine\Core</Filter>
    </ClInclude>
    <ClInclude Include="src\Engine\Renderer\RenderResourceManager.h">
      <Filter>Zdrojové soubory\Engine\Renderer</Filter>
    </ClInclude>
    <ClInclude Include="src\Engine\Core\Datastruct\DoubleBuffer.h">
      <Filter>Zdrojové soubory\Engine\Core\Datastruct</Filter>
    </ClInclude>
    <ClInclude Include="src\DoubleBuffer.h">
      <Filter>Hlavičkové soubory</Filter>
    </ClInclude>
    <ClInclude Include="src/geometry/AABB.h">
      <Filter>Hlavičkové soubory</Filter>
    </ClInclude>
    <ClInclude Include="src/geometry/Mesh.h">
      <Filter>Hlavičkové soubory</Filter>
    </ClInclude>
    <ClInclude Include="src/math/Mtx4.h">
      <Filter>Hlavičkové soubory</Filter>
    </ClInclude>
    <ClInclude Include="src/geometry/Triangle.h">
      <Filter>Hlavičkové soubory</Filter>
    </ClInclude>
    <ClInclude Include="src/math/Vec4.h">
      <Filter>Hlavičkové soubory</Filter>
    </ClInclude>
    <ClInclude Include="src/geometry/Vertex.h">
      <Filter>Hlavičkové soubory</Filter>
    </ClInclude>
    <ClInclude Include="src\branch.h">
      <Filter>Hlavičkové soubory</Filter>
    </ClInclude>
    <ClInclude Include="src\core\EngineApp.h">
      <Filter>Hlavičkové soubory</Filter>
    </ClInclude>
    <ClInclude Include="src\core\input\Keyboard.h">
      <Filter>Hlavičkové soubory</Filter>
    </ClInclude>
    <ClInclude Include="src\core\input\Keymap.h">
      <Filter>Hlavičkové soubory</Filter>
    </ClInclude>
    <ClInclude Include="src\core\MeshInstanceRegistry.h">
      <Filter>Hlavičkové soubory</Filter>
    </ClInclude>
    <ClInclude Include="src\core\Types.h">
      <Filter>Hlavičkové soubory</Filter>
    </ClInclude>
    <ClInclude Include="src\demo\RenderLoopDemo.h">
      <Filter>Hlavičkové soubory</Filter>
    </ClInclude>
    <ClInclude Include="src\demo\DemoRunner.h">
      <Filter>Hlavičkové soubory</Filter>
    </ClInclude>
    <ClInclude Include="src\demo\ProducentConsumentDemo.h">
      <Filter>Hlavičkové soubory</Filter>
    </ClInclude>
    <ClInclude Include="src\geometry\Color.h">
      <Filter>Hlavičkové soubory</Filter>
    </ClInclude>
    <ClInclude Include="src\geometry\Material.h">
      <Filter>Hlavičkové soubory</Filter>
    </ClInclude>
    <ClInclude Include="src\geometry\MeshInstance.h">
      <Filter>Hlavičkové soubory</Filter>
    </ClInclude>
    <ClInclude Include="src\render\backendDIB\RenderContextDIB.h">
      <Filter>Hlavičkové soubory</Filter>
    </ClInclude>
    <ClInclude Include="src\render\backendDIB\RenderDeviceDIB.h">
      <Filter>Hlavičkové soubory</Filter>
    </ClInclude>
    <ClInclude Include="src\render\backendDIB\RenderTargetDIB.h">
      <Filter>Hlavičkové soubory</Filter>
    </ClInclude>
    <ClInclude Include="src\render\IRenderContext.h">
      <Filter>Hlavičkové soubory</Filter>
    </ClInclude>
    <ClInclude Include="src\render\IRenderDevice.h">
      <Filter>Hlavičkové soubory</Filter>
    </ClInclude>
    <ClInclude Include="src\render\IRenderTarget.h">
      <Filter>Hlavičkové soubory</Filter>
    </ClInclude>
    <ClInclude Include="src\scene\Camera.h">
      <Filter>Hlavičkové soubory</Filter>
    </ClInclude>
    <ClInclude Include="src\scene\Light.h">
      <Filter>Hlavičkové soubory</Filter>
    </ClInclude>
    <ClInclude Include="src\scene\SceneState.h">
      <Filter>Hlavičkové soubory</Filter>
    </ClInclude>
    <ClInclude Include="src\utils\cpu_pause.h">
      <Filter>Hlavičkové soubory</Filter>
    </ClInclude>
    <ClInclude Include="src\utils\datastruct\AssetRegistry.h">
      <Filter>Hlavičkové soubory</Filter>
    </ClInclude>
    <ClInclude Include="src\utils\datastruct\SPSCQueue.h">
      <Filter>Hlavičkové soubory</Filter>
    </ClInclude>
    <ClInclude Include="src\utils\datastruct\TripleBuffer.h">
      <Filter>Hlavičkové soubory</Filter>
    </ClInclude>
    <ClInclude Include="src\utils\datastruct\Viewport.h">
      <Filter>Hlavičkové soubory</Filter>
    </ClInclude>
    <ClInclude Include="src\utils\timer\FixedTimestep.h">
      <Filter>Hlavičkové soubory</Filter>
    </ClInclude>
    <ClInclude Include="src\utils\timer\Fps.h">
      <Filter>Hlavičkové soubory</Filter>
    </ClInclude>
    <ClInclude Include="src\utils\timer\HighResTimer.h">
      <Filter>Hlavičkové soubory</Filter>
    </ClInclude>
    <ClInclude Include="src\window\ConsoleDoubleBuffer.h">
      <Filter>Hlavičkové soubory</Filter>
    </ClInclude>
    <ClInclude Include="src\window\DIB\DIBFramebuffer.h">
      <Filter>Hlavičkové soubory</Filter>
    </ClInclude>
    <ClInclude Include="src\window\DIB\DIBRenderer.h">
      <Filter>Hlavičkové soubory</Filter>
    </ClInclude>
    <ClInclude Include="src\window\WindowWin32.h">
      <Filter>Hlavičkové soubory</Filter>
    </ClInclude>
  </ItemGroup>
</Project>